
Microsoft Visual Studio Solution File, Format Version 12.00
# Visual Studio Version 17
VisualStudioVersion = 17.7.34024.191
MinimumVisualStudioVersion = 10.0.40219.1
Project("{FAE04EC0-301F-11D3-BF4B-00C04F79EFBC}") = "Самостоятельная работа по Прикладному", "Самостоятельная работа по Прикладному\Самостоятельная работа по Прикладному.csproj", "{1CBCB9FB-B446-42EE-9A04-AE3A1C2D4E83}"
EndProject
Global
	GlobalSection(SolutionConfigurationPlatforms) = preSolution
		Debug|Any CPU = Debug|Any CPU
		Release|Any CPU = Release|Any CPU
	EndGlobalSection
	GlobalSection(ProjectConfigurationPlatforms) = postSolution
		{1CBCB9FB-B446-42EE-9A04-AE3A1C2D4E83}.Debug|Any CPU.ActiveCfg = Debug|Any CPU
		{1CBCB9FB-B446-42EE-9A04-AE3A1C2D4E83}.Debug|Any CPU.Build.0 = Debug|Any CPU
		{1CBCB9FB-B446-42EE-9A04-AE3A1C2D4E83}.Release|Any CPU.ActiveCfg = Release|Any CPU
		{1CBCB9FB-B446-42EE-9A04-AE3A1C2D4E83}.Release|Any CPU.Build.0 = Release|Any CPU
	EndGlobalSection
	GlobalSection(SolutionProperties) = preSolution
		HideSolutionNode = FALSE
	EndGlobalSection
	GlobalSection(ExtensibilityGlobals) = postSolution
		SolutionGuid = {5532C322-1B1D-4A1C-8652-B66D50B30BEE}
	EndGlobalSection
EndGlobal
