
Microsoft Visual Studio Solution File, Format Version 12.00
# Visual Studio Version 17
VisualStudioVersion = 17.7.34024.191
MinimumVisualStudioVersion = 10.0.40219.1
Project("{FAE04EC0-301F-11D3-BF4B-00C04F79EFBC}") = "задачник на wpf", "задачник на wpf\задачник на wpf.csproj", "{74ADB633-7A71-45C3-A1D2-CC7F3BF07605}"
EndProject
Global
	GlobalSection(SolutionConfigurationPlatforms) = preSolution
		Debug|Any CPU = Debug|Any CPU
		Release|Any CPU = Release|Any CPU
	EndGlobalSection
	GlobalSection(ProjectConfigurationPlatforms) = postSolution
		{74ADB633-7A71-45C3-A1D2-CC7F3BF07605}.Debug|Any CPU.ActiveCfg = Debug|Any CPU
		{74ADB633-7A71-45C3-A1D2-CC7F3BF07605}.Debug|Any CPU.Build.0 = Debug|Any CPU
		{74ADB633-7A71-45C3-A1D2-CC7F3BF07605}.Release|Any CPU.ActiveCfg = Release|Any CPU
		{74ADB633-7A71-45C3-A1D2-CC7F3BF07605}.Release|Any CPU.Build.0 = Release|Any CPU
	EndGlobalSection
	GlobalSection(SolutionProperties) = preSolution
		HideSolutionNode = FALSE
	EndGlobalSection
	GlobalSection(ExtensibilityGlobals) = postSolution
		SolutionGuid = {2F31E28B-9C0E-4BB7-A28A-54F07A8F0380}
	EndGlobalSection
EndGlobal
