
Microsoft Visual Studio Solution File, Format Version 12.00
# Visual Studio Version 17
VisualStudioVersion = 17.7.34024.191
MinimumVisualStudioVersion = 10.0.40219.1
Project("{FAE04EC0-301F-11D3-BF4B-00C04F79EFBC}") = "LetterSender", "LetterSender\LetterSender.csproj", "{DFD927CD-0B65-426D-9B2E-8A3133039DCD}"
EndProject
Global
	GlobalSection(SolutionConfigurationPlatforms) = preSolution
		Debug|Any CPU = Debug|Any CPU
		Release|Any CPU = Release|Any CPU
	EndGlobalSection
	GlobalSection(ProjectConfigurationPlatforms) = postSolution
		{DFD927CD-0B65-426D-9B2E-8A3133039DCD}.Debug|Any CPU.ActiveCfg = Debug|Any CPU
		{DFD927CD-0B65-426D-9B2E-8A3133039DCD}.Debug|Any CPU.Build.0 = Debug|Any CPU
		{DFD927CD-0B65-426D-9B2E-8A3133039DCD}.Release|Any CPU.ActiveCfg = Release|Any CPU
		{DFD927CD-0B65-426D-9B2E-8A3133039DCD}.Release|Any CPU.Build.0 = Release|Any CPU
	EndGlobalSection
	GlobalSection(SolutionProperties) = preSolution
		HideSolutionNode = FALSE
	EndGlobalSection
	GlobalSection(ExtensibilityGlobals) = postSolution
		SolutionGuid = {671633C0-6729-465B-AE58-347E02DBD2FD}
	EndGlobalSection
EndGlobal
