
Microsoft Visual Studio Solution File, Format Version 12.00
# Visual Studio Version 17
VisualStudioVersion = 17.7.34024.191
MinimumVisualStudioVersion = 10.0.40219.1
Project("{FAE04EC0-301F-11D3-BF4B-00C04F79EFBC}") = "WpfApp1", "WpfApp1\WpfApp1.csproj", "{43F89BC1-A673-4637-B737-D6D9F897C187}"
EndProject
Global
	GlobalSection(SolutionConfigurationPlatforms) = preSolution
		Debug|Any CPU = Debug|Any CPU
		Release|Any CPU = Release|Any CPU
	EndGlobalSection
	GlobalSection(ProjectConfigurationPlatforms) = postSolution
		{43F89BC1-A673-4637-B737-D6D9F897C187}.Debug|Any CPU.ActiveCfg = Debug|Any CPU
		{43F89BC1-A673-4637-B737-D6D9F897C187}.Debug|Any CPU.Build.0 = Debug|Any CPU
		{43F89BC1-A673-4637-B737-D6D9F897C187}.Release|Any CPU.ActiveCfg = Release|Any CPU
		{43F89BC1-A673-4637-B737-D6D9F897C187}.Release|Any CPU.Build.0 = Release|Any CPU
	EndGlobalSection
	GlobalSection(SolutionProperties) = preSolution
		HideSolutionNode = FALSE
	EndGlobalSection
	GlobalSection(ExtensibilityGlobals) = postSolution
		SolutionGuid = {7D038A56-CD3F-439B-9605-5093D48E7840}
	EndGlobalSection
EndGlobal
